// !$*UTF8*$!
{
	archiveVersion = 1;
	classes = {
	};
	objectVersion = 46;
	objects = {

/* Begin PBXBuildFile section */
		0B73C6071C8548BB00C4AFD9 /* main.c in Sources */ = {isa = PBXBuildFile; fileRef = 0B73C6061C8548BB00C4AFD9 /* main.c */; };
		0B73C6111C8550E900C4AFD9 /* unit_test.c in Sources */ = {isa = PBXBuildFile; fileRef = 0B73C6101C8550E900C4AFD9 /* unit_test.c */; };
		0B73C6141C85515E00C4AFD9 /* substring.c in Sources */ = {isa = PBXBuildFile; fileRef = 0B73C6121C85515E00C4AFD9 /* substring.c */; };
		0B73C6171C8551F000C4AFD9 /* utils.c in Sources */ = {isa = PBXBuildFile; fileRef = 0B73C6151C8551F000C4AFD9 /* utils.c */; };
		0B73C61A1C855FCE00C4AFD9 /* stringcat.c in Sources */ = {isa = PBXBuildFile; fileRef = 0B73C6181C855FCE00C4AFD9 /* stringcat.c */; };
		0B886F0E1C87F98C007BD4E4 /* Makefile in Sources */ = {isa = PBXBuildFile; fileRef = 0B886F0D1C87F98C007BD4E4 /* Makefile */; };
/* End PBXBuildFile section */

/* Begin PBXCopyFilesBuildPhase section */
		0B73C6011C8548BB00C4AFD9 /* CopyFiles */ = {
			isa = PBXCopyFilesBuildPhase;
			buildActionMask = 2147483647;
			dstPath = /usr/share/man/man1/;
			dstSubfolderSpec = 0;
			files = (
			);
			runOnlyForDeploymentPostprocessing = 1;
		};
/* End PBXCopyFilesBuildPhase section */

/* Begin PBXFileReference section */
		0B73C6031C8548BB00C4AFD9 /* strings */ = {isa = PBXFileReference; explicitFileType = "compiled.mach-o.executable"; includeInIndex = 0; path = strings; sourceTree = BUILT_PRODUCTS_DIR; };
		0B73C6061C8548BB00C4AFD9 /* main.c */ = {isa = PBXFileReference; lastKnownFileType = sourcecode.c.c; path = main.c; sourceTree = "<group>"; };
		0B73C60E1C854A0500C4AFD9 /* requirements */ = {isa = PBXFileReference; fileEncoding = 4; lastKnownFileType = text; path = requirements; sourceTree = "<group>"; };
		0B73C60F1C8550D100C4AFD9 /* unit_test.h */ = {isa = PBXFileReference; lastKnownFileType = sourcecode.c.h; path = unit_test.h; sourceTree = "<group>"; };
		0B73C6101C8550E900C4AFD9 /* unit_test.c */ = {isa = PBXFileReference; fileEncoding = 4; lastKnownFileType = sourcecode.c.c; path = unit_test.c; sourceTree = "<group>"; };
		0B73C6121C85515E00C4AFD9 /* substring.c */ = {isa = PBXFileReference; fileEncoding = 4; lastKnownFileType = sourcecode.c.c; path = substring.c; sourceTree = "<group>"; };
		0B73C6131C85515E00C4AFD9 /* substring.h */ = {isa = PBXFileReference; fileEncoding = 4; lastKnownFileType = sourcecode.c.h; path = substring.h; sourceTree = "<group>"; };
		0B73C6151C8551F000C4AFD9 /* utils.c */ = {isa = PBXFileReference; fileEncoding = 4; lastKnownFileType = sourcecode.c.c; path = utils.c; sourceTree = "<group>"; };
		0B73C6161C8551F000C4AFD9 /* utils.h */ = {isa = PBXFileReference; fileEncoding = 4; lastKnownFileType = sourcecode.c.h; path = utils.h; sourceTree = "<group>"; };
		0B73C6181C855FCE00C4AFD9 /* stringcat.c */ = {isa = PBXFileReference; fileEncoding = 4; lastKnownFileType = sourcecode.c.c; path = stringcat.c; sourceTree = "<group>"; };
		0B73C6191C855FCE00C4AFD9 /* stringcat.h */ = {isa = PBXFileReference; fileEncoding = 4; lastKnownFileType = sourcecode.c.h; path = stringcat.h; sourceTree = "<group>"; };
		0B73C61B1C8573C600C4AFD9 /* strings_unit_test_input */ = {isa = PBXFileReference; fileEncoding = 4; lastKnownFileType = text; path = strings_unit_test_input; sourceTree = "<group>"; };
		0B73C61C1C8578E700C4AFD9 /* common_defs.h */ = {isa = PBXFileReference; lastKnownFileType = sourcecode.c.h; path = common_defs.h; sourceTree = "<group>"; };
		0B886F0A1C86926F007BD4E4 /* algorithm */ = {isa = PBXFileReference; fileEncoding = 4; lastKnownFileType = text; path = algorithm; sourceTree = "<group>"; };
		0B886F0B1C879384007BD4E4 /* strings_api.h */ = {isa = PBXFileReference; lastKnownFileType = sourcecode.c.h; path = strings_api.h; sourceTree = "<group>"; };
		0B886F0C1C87B164007BD4E4 /* strings_api_shim.h */ = {isa = PBXFileReference; lastKnownFileType = sourcecode.c.h; path = strings_api_shim.h; sourceTree = "<group>"; };
		0B886F0D1C87F98C007BD4E4 /* Makefile */ = {isa = PBXFileReference; fileEncoding = 4; lastKnownFileType = sourcecode.make; path = Makefile; sourceTree = "<group>"; };
/* End PBXFileReference section */

/* Begin PBXFrameworksBuildPhase section */
		0B73C6001C8548BB00C4AFD9 /* Frameworks */ = {
			isa = PBXFrameworksBuildPhase;
			buildActionMask = 2147483647;
			files = (
			);
			runOnlyForDeploymentPostprocessing = 0;
		};
/* End PBXFrameworksBuildPhase section */

/* Begin PBXGroup section */
		0B73C5FA1C8548BB00C4AFD9 = {
			isa = PBXGroup;
			children = (
				0B73C6051C8548BB00C4AFD9 /* strings */,
				0B73C6041C8548BB00C4AFD9 /* Products */,
			);
			sourceTree = "<group>";
		};
		0B73C6041C8548BB00C4AFD9 /* Products */ = {
			isa = PBXGroup;
			children = (
				0B73C6031C8548BB00C4AFD9 /* strings */,
			);
			name = Products;
			sourceTree = "<group>";
		};
		0B73C6051C8548BB00C4AFD9 /* strings */ = {
			isa = PBXGroup;
			children = (
				0B73C60D1C8549C400C4AFD9 /* docs */,
				0B73C6061C8548BB00C4AFD9 /* main.c */,
				0B73C60F1C8550D100C4AFD9 /* unit_test.h */,
				0B73C6101C8550E900C4AFD9 /* unit_test.c */,
				0B73C6121C85515E00C4AFD9 /* substring.c */,
				0B73C6131C85515E00C4AFD9 /* substring.h */,
				0B73C6151C8551F000C4AFD9 /* utils.c */,
				0B73C6161C8551F000C4AFD9 /* utils.h */,
				0B73C6181C855FCE00C4AFD9 /* stringcat.c */,
				0B73C6191C855FCE00C4AFD9 /* stringcat.h */,
				0B73C61B1C8573C600C4AFD9 /* strings_unit_test_input */,
				0B73C61C1C8578E700C4AFD9 /* common_defs.h */,
				0B886F0B1C879384007BD4E4 /* strings_api.h */,
				0B886F0C1C87B164007BD4E4 /* strings_api_shim.h */,
				0B886F0D1C87F98C007BD4E4 /* Makefile */,
			);
			path = strings;
			sourceTree = "<group>";
		};
		0B73C60D1C8549C400C4AFD9 /* docs */ = {
			isa = PBXGroup;
			children = (
				0B73C60E1C854A0500C4AFD9 /* requirements */,
				0B886F0A1C86926F007BD4E4 /* algorithm */,
			);
			name = docs;
			sourceTree = "<group>";
		};
/* End PBXGroup section */

/* Begin PBXNativeTarget section */
		0B73C6021C8548BB00C4AFD9 /* strings */ = {
			isa = PBXNativeTarget;
			buildConfigurationList = 0B73C60A1C8548BB00C4AFD9 /* Build configuration list for PBXNativeTarget "strings" */;
			buildPhases = (
				0B73C5FF1C8548BB00C4AFD9 /* Sources */,
				0B73C6001C8548BB00C4AFD9 /* Frameworks */,
				0B73C6011C8548BB00C4AFD9 /* CopyFiles */,
			);
			buildRules = (
			);
			dependencies = (
			);
			name = strings;
			productName = strings;
			productReference = 0B73C6031C8548BB00C4AFD9 /* strings */;
			productType = "com.apple.product-type.tool";
		};
/* End PBXNativeTarget section */

/* Begin PBXProject section */
		0B73C5FB1C8548BB00C4AFD9 /* Project object */ = {
			isa = PBXProject;
			attributes = {
				LastUpgradeCheck = 0720;
				ORGANIZATIONNAME = "Deepak Kundra";
				TargetAttributes = {
					0B73C6021C8548BB00C4AFD9 = {
						CreatedOnToolsVersion = 7.2.1;
					};
				};
			};
			buildConfigurationList = 0B73C5FE1C8548BB00C4AFD9 /* Build configuration list for PBXProject "strings" */;
			compatibilityVersion = "Xcode 3.2";
			developmentRegion = English;
			hasScannedForEncodings = 0;
			knownRegions = (
				en,
			);
			mainGroup = 0B73C5FA1C8548BB00C4AFD9;
			productRefGroup = 0B73C6041C8548BB00C4AFD9 /* Products */;
			projectDirPath = "";
			projectRoot = "";
			targets = (
				0B73C6021C8548BB00C4AFD9 /* strings */,
			);
		};
/* End PBXProject section */

/* Begin PBXSourcesBuildPhase section */
		0B73C5FF1C8548BB00C4AFD9 /* Sources */ = {
			isa = PBXSourcesBuildPhase;
			buildActionMask = 2147483647;
			files = (
				0B886F0E1C87F98C007BD4E4 /* Makefile in Sources */,
				0B73C6071C8548BB00C4AFD9 /* main.c in Sources */,
				0B73C6171C8551F000C4AFD9 /* utils.c in Sources */,
				0B73C6111C8550E900C4AFD9 /* unit_test.c in Sources */,
				0B73C6141C85515E00C4AFD9 /* substring.c in Sources */,
				0B73C61A1C855FCE00C4AFD9 /* stringcat.c in Sources */,
			);
			runOnlyForDeploymentPostprocessing = 0;
		};
/* End PBXSourcesBuildPhase section */

/* Begin XCBuildConfiguration section */
		0B73C6081C8548BB00C4AFD9 /* Debug */ = {
			isa = XCBuildConfiguration;
			buildSettings = {
				ALWAYS_SEARCH_USER_PATHS = NO;
				CLANG_CXX_LANGUAGE_STANDARD = "gnu++0x";
				CLANG_CXX_LIBRARY = "libc++";
				CLANG_ENABLE_MODULES = YES;
				CLANG_ENABLE_OBJC_ARC = YES;
				CLANG_WARN_BOOL_CONVERSION = YES;
				CLANG_WARN_CONSTANT_CONVERSION = YES;
				CLANG_WARN_DIRECT_OBJC_ISA_USAGE = YES_ERROR;
				CLANG_WARN_EMPTY_BODY = YES;
				CLANG_WARN_ENUM_CONVERSION = YES;
				CLANG_WARN_INT_CONVERSION = YES;
				CLANG_WARN_OBJC_ROOT_CLASS = YES_ERROR;
				CLANG_WARN_UNREACHABLE_CODE = YES;
				CLANG_WARN__DUPLICATE_METHOD_MATCH = YES;
				CODE_SIGN_IDENTITY = "-";
				COPY_PHASE_STRIP = NO;
				DEBUG_INFORMATION_FORMAT = dwarf;
				ENABLE_STRICT_OBJC_MSGSEND = YES;
				ENABLE_TESTABILITY = YES;
				GCC_C_LANGUAGE_STANDARD = gnu99;
				GCC_DYNAMIC_NO_PIC = NO;
				GCC_NO_COMMON_BLOCKS = YES;
				GCC_OPTIMIZATION_LEVEL = 0;
				GCC_PREPROCESSOR_DEFINITIONS = (
					"DEBUG=1",
					"$(inherited)",
				);
				GCC_WARN_64_TO_32_BIT_CONVERSION = YES;
				GCC_WARN_ABOUT_RETURN_TYPE = YES_ERROR;
				GCC_WARN_UNDECLARED_SELECTOR = YES;
				GCC_WARN_UNINITIALIZED_AUTOS = YES_AGGRESSIVE;
				GCC_WARN_UNUSED_FUNCTION = YES;
				GCC_WARN_UNUSED_VARIABLE = YES;
				MACOSX_DEPLOYMENT_TARGET = 10.10;
				MTL_ENABLE_DEBUG_INFO = YES;
				ONLY_ACTIVE_ARCH = YES;
				SDKROOT = macosx;
			};
			name = Debug;
		};
		0B73C6091C8548BB00C4AFD9 /* Release */ = {
			isa = XCBuildConfiguration;
			buildSettings = {
				ALWAYS_SEARCH_USER_PATHS = NO;
				CLANG_CXX_LANGUAGE_STANDARD = "gnu++0x";
				CLANG_CXX_LIBRARY = "libc++";
				CLANG_ENABLE_MODULES = YES;
				CLANG_ENABLE_OBJC_ARC = YES;
				CLANG_WARN_BOOL_CONVERSION = YES;
				CLANG_WARN_CONSTANT_CONVERSION = YES;
				CLANG_WARN_DIRECT_OBJC_ISA_USAGE = YES_ERROR;
				CLANG_WARN_EMPTY_BODY = YES;
				CLANG_WARN_ENUM_CONVERSION = YES;
				CLANG_WARN_INT_CONVERSION = YES;
				CLANG_WARN_OBJC_ROOT_CLASS = YES_ERROR;
				CLANG_WARN_UNREACHABLE_CODE = YES;
				CLANG_WARN__DUPLICATE_METHOD_MATCH = YES;
				CODE_SIGN_IDENTITY = "-";
				COPY_PHASE_STRIP = NO;
				DEBUG_INFORMATION_FORMAT = "dwarf-with-dsym";
				ENABLE_NS_ASSERTIONS = NO;
				ENABLE_STRICT_OBJC_MSGSEND = YES;
				GCC_C_LANGUAGE_STANDARD = gnu99;
				GCC_NO_COMMON_BLOCKS = YES;
				GCC_WARN_64_TO_32_BIT_CONVERSION = YES;
				GCC_WARN_ABOUT_RETURN_TYPE = YES_ERROR;
				GCC_WARN_UNDECLARED_SELECTOR = YES;
				GCC_WARN_UNINITIALIZED_AUTOS = YES_AGGRESSIVE;
				GCC_WARN_UNUSED_FUNCTION = YES;
				GCC_WARN_UNUSED_VARIABLE = YES;
				MACOSX_DEPLOYMENT_TARGET = 10.10;
				MTL_ENABLE_DEBUG_INFO = NO;
				SDKROOT = macosx;
			};
			name = Release;
		};
		0B73C60B1C8548BB00C4AFD9 /* Debug */ = {
			isa = XCBuildConfiguration;
			buildSettings = {
				PRODUCT_NAME = "$(TARGET_NAME)";
			};
			name = Debug;
		};
		0B73C60C1C8548BB00C4AFD9 /* Release */ = {
			isa = XCBuildConfiguration;
			buildSettings = {
				PRODUCT_NAME = "$(TARGET_NAME)";
			};
			name = Release;
		};
/* End XCBuildConfiguration section */

/* Begin XCConfigurationList section */
		0B73C5FE1C8548BB00C4AFD9 /* Build configuration list for PBXProject "strings" */ = {
			isa = XCConfigurationList;
			buildConfigurations = (
				0B73C6081C8548BB00C4AFD9 /* Debug */,
				0B73C6091C8548BB00C4AFD9 /* Release */,
			);
			defaultConfigurationIsVisible = 0;
			defaultConfigurationName = Release;
		};
		0B73C60A1C8548BB00C4AFD9 /* Build configuration list for PBXNativeTarget "strings" */ = {
			isa = XCConfigurationList;
			buildConfigurations = (
				0B73C60B1C8548BB00C4AFD9 /* Debug */,
				0B73C60C1C8548BB00C4AFD9 /* Release */,
			);
			defaultConfigurationIsVisible = 0;
			defaultConfigurationName = Release;
		};
/* End XCConfigurationList section */
	};
	rootObject = 0B73C5FB1C8548BB00C4AFD9 /* Project object */;
}
